
Microsoft Visual Studio Solution File, Format Version 12.00
# Visual Studio Version 17
VisualStudioVersion = 17.6.33829.357
MinimumVisualStudioVersion = 10.0.40219.1
Project("{2150E333-8FDC-42A3-9474-1A3956D46DE8}") = "Solution Items", "Solution Items", "{53BA7669-2E34-4C2F-BEDB-579CED6E299A}"
	ProjectSection(SolutionItems) = preProject
		.editorconfig = .editorconfig
	EndProjectSection
EndProject
Project("{2150E333-8FDC-42A3-9474-1A3956D46DE8}") = "Projektmappenelemente", "Projektmappenelemente", "{4BA23E79-7B42-496B-A971-7ACF9C891C92}"
	ProjectSection(SolutionItems) = preProject
		.gitignore = .gitignore
		LICENSE = LICENSE
		README.md = README.md
		RELEASENOTES.md = RELEASENOTES.md
	EndProjectSection
EndProject
Project("{FAE04EC0-301F-11D3-BF4B-00C04F79EFBC}") = "IPED-GUI-WinUI3", "IPED-GUI-WinUI3\IPED-GUI-WinUI3.csproj", "{1F10ED5B-28D8-47A4-AB95-3B5B472EAF38}"
EndProject
Global
	GlobalSection(SolutionConfigurationPlatforms) = preSolution
		Debug|x64 = Debug|x64
		Release|x64 = Release|x64
	EndGlobalSection
	GlobalSection(ProjectConfigurationPlatforms) = postSolution
		{1F10ED5B-28D8-47A4-AB95-3B5B472EAF38}.Debug|x64.ActiveCfg = Debug|x64
		{1F10ED5B-28D8-47A4-AB95-3B5B472EAF38}.Debug|x64.Build.0 = Debug|x64
		{1F10ED5B-28D8-47A4-AB95-3B5B472EAF38}.Debug|x64.Deploy.0 = Debug|x64
		{1F10ED5B-28D8-47A4-AB95-3B5B472EAF38}.Release|x64.ActiveCfg = Release|x64
		{1F10ED5B-28D8-47A4-AB95-3B5B472EAF38}.Release|x64.Build.0 = Release|x64
		{1F10ED5B-28D8-47A4-AB95-3B5B472EAF38}.Release|x64.Deploy.0 = Release|x64
	EndGlobalSection
	GlobalSection(SolutionProperties) = preSolution
		HideSolutionNode = FALSE
	EndGlobalSection
	GlobalSection(ExtensibilityGlobals) = postSolution
		SolutionGuid = {DE9BA515-1839-482D-B741-7214AD3C1099}
	EndGlobalSection
EndGlobal
